
Microsoft Visual Studio Solution File, Format Version 12.00
# Visual Studio Version 17
VisualStudioVersion = 17.13.35931.197 d17.13
MinimumVisualStudioVersion = 10.0.40219.1
Project("{F2A71F9B-5D33-465A-A702-920D77279786}") = "learningapp", "learningapp\learningapp.fsproj", "{BA6C04C4-1530-4E40-AB16-5742241E9029}"
EndProject
Global
	GlobalSection(SolutionConfigurationPlatforms) = preSolution
		Debug|Any CPU = Debug|Any CPU
		Release|Any CPU = Release|Any CPU
	EndGlobalSection
	GlobalSection(ProjectConfigurationPlatforms) = postSolution
		{BA6C04C4-1530-4E40-AB16-5742241E9029}.Debug|Any CPU.ActiveCfg = Debug|Any CPU
		{BA6C04C4-1530-4E40-AB16-5742241E9029}.Debug|Any CPU.Build.0 = Debug|Any CPU
		{BA6C04C4-1530-4E40-AB16-5742241E9029}.Release|Any CPU.ActiveCfg = Release|Any CPU
		{BA6C04C4-1530-4E40-AB16-5742241E9029}.Release|Any CPU.Build.0 = Release|Any CPU
	EndGlobalSection
	GlobalSection(SolutionProperties) = preSolution
		HideSolutionNode = FALSE
	EndGlobalSection
	GlobalSection(ExtensibilityGlobals) = postSolution
		SolutionGuid = {051D7DA8-00B6-4C46-899D-E854371E6A22}
	EndGlobalSection
EndGlobal
